
Microsoft Visual Studio Solution File, Format Version 12.00
# Visual Studio 15
VisualStudioVersion = 15.0.28010.2050
MinimumVisualStudioVersion = 10.0.40219.1
Project("{9A19103F-16F7-4668-BE54-9A1E7A4F7556}") = "SplittingBill", "SplittingBill\SplittingBill.csproj", "{676004A0-0E65-4843-82F0-9F3F04C6F7FE}"
EndProject
Project("{FAE04EC0-301F-11D3-BF4B-00C04F79EFBC}") = "SplittingBillTests", "SplittingBillTests\SplittingBillTests.csproj", "{65C0FF7C-0116-42C2-98CB-CE25A4F58907}"
EndProject
Project("{2150E333-8FDC-42A3-9474-1A3956D46DE8}") = "Tests", "Tests", "{0A86E036-6B7D-4F40-829C-56B453478D2C}"
EndProject
Global
	GlobalSection(SolutionConfigurationPlatforms) = preSolution
		Debug|Any CPU = Debug|Any CPU
		Release|Any CPU = Release|Any CPU
	EndGlobalSection
	GlobalSection(ProjectConfigurationPlatforms) = postSolution
		{676004A0-0E65-4843-82F0-9F3F04C6F7FE}.Debug|Any CPU.ActiveCfg = Debug|Any CPU
		{676004A0-0E65-4843-82F0-9F3F04C6F7FE}.Debug|Any CPU.Build.0 = Debug|Any CPU
		{676004A0-0E65-4843-82F0-9F3F04C6F7FE}.Release|Any CPU.ActiveCfg = Release|Any CPU
		{676004A0-0E65-4843-82F0-9F3F04C6F7FE}.Release|Any CPU.Build.0 = Release|Any CPU
		{65C0FF7C-0116-42C2-98CB-CE25A4F58907}.Debug|Any CPU.ActiveCfg = Debug|Any CPU
		{65C0FF7C-0116-42C2-98CB-CE25A4F58907}.Debug|Any CPU.Build.0 = Debug|Any CPU
		{65C0FF7C-0116-42C2-98CB-CE25A4F58907}.Release|Any CPU.ActiveCfg = Release|Any CPU
		{65C0FF7C-0116-42C2-98CB-CE25A4F58907}.Release|Any CPU.Build.0 = Release|Any CPU
	EndGlobalSection
	GlobalSection(SolutionProperties) = preSolution
		HideSolutionNode = FALSE
	EndGlobalSection
	GlobalSection(NestedProjects) = preSolution
		{65C0FF7C-0116-42C2-98CB-CE25A4F58907} = {0A86E036-6B7D-4F40-829C-56B453478D2C}
	EndGlobalSection
	GlobalSection(ExtensibilityGlobals) = postSolution
		SolutionGuid = {85FED0B8-1C08-49CC-8171-C671CB23C2DA}
	EndGlobalSection
EndGlobal
